
Microsoft Visual Studio Solution File, Format Version 12.00
# Visual Studio Version 17
VisualStudioVersion = 17.9.34728.123
MinimumVisualStudioVersion = 10.0.40219.1
Project("{FAE04EC0-301F-11D3-BF4B-00C04F79EFBC}") = "Versta-test", "Versta-test\Versta-test.csproj", "{37F18AF1-D85E-4425-A100-FA129388BA31}"
EndProject
Global
	GlobalSection(SolutionConfigurationPlatforms) = preSolution
		Debug|Any CPU = Debug|Any CPU
		Release|Any CPU = Release|Any CPU
	EndGlobalSection
	GlobalSection(ProjectConfigurationPlatforms) = postSolution
		{37F18AF1-D85E-4425-A100-FA129388BA31}.Debug|Any CPU.ActiveCfg = Debug|Any CPU
		{37F18AF1-D85E-4425-A100-FA129388BA31}.Debug|Any CPU.Build.0 = Debug|Any CPU
		{37F18AF1-D85E-4425-A100-FA129388BA31}.Release|Any CPU.ActiveCfg = Release|Any CPU
		{37F18AF1-D85E-4425-A100-FA129388BA31}.Release|Any CPU.Build.0 = Release|Any CPU
	EndGlobalSection
	GlobalSection(SolutionProperties) = preSolution
		HideSolutionNode = FALSE
	EndGlobalSection
	GlobalSection(ExtensibilityGlobals) = postSolution
		SolutionGuid = {C0FFC012-B3AD-441E-9155-07724453270A}
	EndGlobalSection
EndGlobal
